
Microsoft Visual Studio Solution File, Format Version 12.00
# Visual Studio 15
VisualStudioVersion = 15.0.28307.1169
MinimumVisualStudioVersion = 10.0.40219.1
Project("{8BC9CEB8-8B4A-11D0-8D11-00A0C91BC942}") = "VF2ParalelizadoShort", "VF2ParalelizadoShort\VF2ParalelizadoShort.vcxproj", "{13D32109-BE11-4D39-9018-537C9035EC1C}"
EndProject
Global
	GlobalSection(SolutionConfigurationPlatforms) = preSolution
		Debug|x64 = Debug|x64
		Release|x64 = Release|x64
	EndGlobalSection
	GlobalSection(ProjectConfigurationPlatforms) = postSolution
		{13D32109-BE11-4D39-9018-537C9035EC1C}.Debug|x64.ActiveCfg = Debug|x64
		{13D32109-BE11-4D39-9018-537C9035EC1C}.Debug|x64.Build.0 = Debug|x64
		{13D32109-BE11-4D39-9018-537C9035EC1C}.Release|x64.ActiveCfg = Release|x64
		{13D32109-BE11-4D39-9018-537C9035EC1C}.Release|x64.Build.0 = Release|x64
	EndGlobalSection
	GlobalSection(SolutionProperties) = preSolution
		HideSolutionNode = FALSE
	EndGlobalSection
	GlobalSection(ExtensibilityGlobals) = postSolution
		SolutionGuid = {311CA3FD-1C3F-4AD1-A3FD-A419CB56E15C}
	EndGlobalSection
EndGlobal
